<?xml version="1.0" encoding="utf-8"?>
<Project ToolsVersion="4.0" xmlns="http://schemas.microsoft.com/developer/msbuild/2003">
  <ItemGroup>
    <Filter Include="Source Files">
      <UniqueIdentifier>{4FC737F1-C7A5-4376-A066-2A32D752A2FF}</UniqueIdentifier>
      <Extensions>cpp;c;cc;cxx;c++;def;odl;idl;hpj;bat;asm;asmx</Extensions>
    </Filter>
    <Filter Include="Header Files">
      <UniqueIdentifier>{93995380-89BD-4b04-88EB-625FBE52EBFB}</UniqueIdentifier>
      <Extensions>h;hh;hpp;hxx;h++;hm;inl;inc;ipp;xsd</Extensions>
    </Filter>
    <Filter Include="Resource Files">
      <UniqueIdentifier>{67DA6AB6-F800-4c08-8B7A-83BB121AAD01}</UniqueIdentifier>
      <Extensions>rc;ico;cur;bmp;dlg;rc2;rct;bin;rgs;gif;jpg;jpeg;jpe;resx;tiff;tif;png;wav;mfcribbon-ms</Extensions>
    </Filter>
    <Filter Include="Header Files\guest-routes">
      <UniqueIdentifier>{121b18a4-7c17-4364-8678-f8757583e705}</UniqueIdentifier>
    </Filter>
    <Filter Include="Header Files\guest-routes\login-route">
      <UniqueIdentifier>{8683185b-ec94-493f-9f3b-9b0014350fdc}</UniqueIdentifier>
    </Filter>
    <Filter Include="Header Files\guest-routes\join-route">
      <UniqueIdentifier>{adb0d8ec-efe1-466b-908f-4452f5b4e72c}</UniqueIdentifier>
    </Filter>
    <Filter Include="Header Files\staff-routes">
      <UniqueIdentifier>{446a61c5-3c90-4f34-9cf0-b23adbe8a1cb}</UniqueIdentifier>
    </Filter>
    <Filter Include="Header Files\member-routes">
      <UniqueIdentifier>{aece00cc-a17d-424a-98c0-8dbcc88749b7}</UniqueIdentifier>
    </Filter>
    <Filter Include="Header Files\supplier-routes">
      <UniqueIdentifier>{a5e8e751-e975-44df-a442-bcda60640fd3}</UniqueIdentifier>
    </Filter>
    <Filter Include="Header Files\__mvc">
      <UniqueIdentifier>{9ca52d66-d329-4718-ad35-520e30172ec6}</UniqueIdentifier>
    </Filter>
  </ItemGroup>
  <ItemGroup>
    <ClCompile Include="main.cpp">
      <Filter>Source Files</Filter>
    </ClCompile>
    <ClCompile Include="constants.h">
      <Filter>Header Files</Filter>
    </ClCompile>
    <ClCompile Include="Window.cpp">
      <Filter>Source Files</Filter>
    </ClCompile>
    <ClCompile Include="JoinRouteView.cpp">
      <Filter>Header Files\guest-routes\join-route</Filter>
    </ClCompile>
    <ClCompile Include="JoinRouteController.cpp">
      <Filter>Header Files\guest-routes\join-route</Filter>
    </ClCompile>
    <ClCompile Include="JoinRouteModel.cpp">
      <Filter>Header Files\guest-routes\join-route</Filter>
    </ClCompile>
    <ClCompile Include="LoginRouteController.cpp">
      <Filter>Header Files\guest-routes\login-route</Filter>
    </ClCompile>
    <ClCompile Include="LoginRouteModel.cpp">
      <Filter>Header Files\guest-routes\login-route</Filter>
    </ClCompile>
    <ClCompile Include="LoginRouteView.cpp">
      <Filter>Header Files\guest-routes\login-route</Filter>
    </ClCompile>
    <ClCompile Include="Model.cpp">
      <Filter>Header Files\__mvc</Filter>
    </ClCompile>
    <ClCompile Include="View.cpp">
      <Filter>Header Files\__mvc</Filter>
    </ClCompile>
    <ClCompile Include="Controller.cpp">
      <Filter>Header Files\__mvc</Filter>
    </ClCompile>
    <ClCompile Include="Router.cpp">
      <Filter>Source Files</Filter>
    </ClCompile>
    <ClCompile Include="cApp.cpp">
      <Filter>Source Files</Filter>
    </ClCompile>
  </ItemGroup>
  <ItemGroup>
    <ClInclude Include="cApp.h">
      <Filter>Header Files</Filter>
    </ClInclude>
    <ClInclude Include="Router.h">
      <Filter>Header Files</Filter>
    </ClInclude>
    <ClInclude Include="Window.h">
      <Filter>Header Files</Filter>
    </ClInclude>
    <ClInclude Include="Model.h">
      <Filter>Header Files\__mvc</Filter>
    </ClInclude>
    <ClInclude Include="Controller.h">
      <Filter>Header Files\__mvc</Filter>
    </ClInclude>
    <ClInclude Include="View.h">
      <Filter>Header Files\__mvc</Filter>
    </ClInclude>
    <ClInclude Include="JoinRouteController.h">
      <Filter>Header Files\guest-routes\join-route</Filter>
    </ClInclude>
    <ClInclude Include="JoinRouteView.h">
      <Filter>Header Files\guest-routes\join-route</Filter>
    </ClInclude>
    <ClInclude Include="JoinRouteModel.h">
      <Filter>Header Files\guest-routes\join-route</Filter>
    </ClInclude>
    <ClInclude Include="LoginRouteController.h">
      <Filter>Header Files\guest-routes\login-route</Filter>
    </ClInclude>
    <ClInclude Include="LoginRouteModel.h">
      <Filter>Header Files\guest-routes\login-route</Filter>
    </ClInclude>
    <ClInclude Include="LoginRouteView.h">
      <Filter>Header Files\guest-routes\login-route</Filter>
    </ClInclude>
  </ItemGroup>
</Project>